<?xml version="1.0" encoding="utf-8"?>
<Project ToolsVersion="4.0" xmlns="http://schemas.microsoft.com/developer/msbuild/2003">
  <ItemGroup>
    <Filter Include="Source Files">
      <UniqueIdentifier>{4FC737F1-C7A5-4376-A066-2A32D752A2FF}</UniqueIdentifier>
      <Extensions>cpp;c;cc;cxx;def;odl;idl;hpj;bat;asm;asmx</Extensions>
    </Filter>
    <Filter Include="Header Files">
      <UniqueIdentifier>{93995380-89BD-4b04-88EB-625FBE52EBFB}</UniqueIdentifier>
      <Extensions>h;hh;hpp;hxx;hm;inl;inc;xsd</Extensions>
    </Filter>
    <Filter Include="Resource Files">
      <UniqueIdentifier>{67DA6AB6-F800-4c08-8B7A-83BB121AAD01}</UniqueIdentifier>
      <Extensions>rc;ico;cur;bmp;dlg;rc2;rct;bin;rgs;gif;jpg;jpeg;jpe;resx;tiff;tif;png;wav;mfcribbon-ms</Extensions>
    </Filter>
    <Filter Include="Source Files\Hashing">
      <UniqueIdentifier>{97258b27-aed2-474b-8e02-ea1866733884}</UniqueIdentifier>
    </Filter>
    <Filter Include="Source Files\OPPRF">
      <UniqueIdentifier>{cd466f11-d3c9-4a42-8a86-a29a5d711d1e}</UniqueIdentifier>
    </Filter>
  </ItemGroup>
  <ItemGroup>
    <ClCompile Include="OPPRF\OPPRFReceiver.cpp">
      <Filter>Source Files</Filter>
    </ClCompile>
    <ClCompile Include="OPPRF\OPPRFSender.cpp">
      <Filter>Source Files</Filter>
    </ClCompile>
    <ClCompile Include="Hashing\SimpleHash.cpp">
      <Filter>Source Files\Hashing</Filter>
    </ClCompile>
    <ClCompile Include="Hashing\CuckooHash.cpp">
      <Filter>Source Files\Hashing</Filter>
    </ClCompile>
    <ClCompile Include="OPPRF\binSet.cpp">
      <Filter>Source Files\Hashing</Filter>
    </ClCompile>
    <ClCompile Include="OPPRF\BfOpprfSender.cpp">
      <Filter>Source Files\OPPRF</Filter>
    </ClCompile>
    <ClCompile Include="OPPRF\PolyOpprfReceiver.cpp">
      <Filter>Source Files\OPPRF</Filter>
    </ClCompile>
    <ClCompile Include="OPPRF\PolyOpprfSender.cpp">
      <Filter>Source Files\OPPRF</Filter>
    </ClCompile>
    <ClCompile Include="OPPRF\TableOpprfReceiver.cpp">
      <Filter>Source Files\OPPRF</Filter>
    </ClCompile>
    <ClCompile Include="OPPRF\TableOpprfSender.cpp">
      <Filter>Source Files\OPPRF</Filter>
    </ClCompile>
    <ClCompile Include="Hashing\Hints.cpp">
      <Filter>Source Files\OPPRF</Filter>
    </ClCompile>
    <ClCompile Include="OPPRF\BfOpprfReceiver.cpp">
      <Filter>Source Files\OPPRF</Filter>
    </ClCompile>
    <ClCompile Include="OPPRF\PlainOprfReceiver.cpp">
      <Filter>Source Files\OPPRF</Filter>
    </ClCompile>
    <ClCompile Include="OPPRF\PlainOprfSender.cpp">
      <Filter>Source Files\OPPRF</Filter>
    </ClCompile>
  </ItemGroup>
  <ItemGroup>
    <ClInclude Include="OPPRF\OPPRFReceiver.h">
      <Filter>Header Files</Filter>
    </ClInclude>
    <ClInclude Include="OPPRF\OPPRFSender.h">
      <Filter>Header Files</Filter>
    </ClInclude>
    <ClInclude Include="OPPRF\binSet.h">
      <Filter>Header Files</Filter>
    </ClInclude>
    <ClInclude Include="Hashing\Hints.h">
      <Filter>Header Files</Filter>
    </ClInclude>
    <ClInclude Include="Hashing\CuckooHash.h">
      <Filter>Header Files</Filter>
    </ClInclude>
    <ClInclude Include="Hashing\SimpleHash.h">
      <Filter>Header Files</Filter>
    </ClInclude>
  </ItemGroup>
  <ItemGroup>
    <Text Include="CMakeLists.txt" />
  </ItemGroup>
</Project>